{
  "name": "notes-manager",
  "version": "0.0.1",
  "lockfileVersion": 1,
  "requires": true,
  "dependencies": {
    "@uirouter/angularjs": {
      "version": "0.3.2",
      "resolved": "https://registry.npmjs.org/@uirouter/angularjs/-/angularjs-0.3.2.tgz",
      "integrity": "sha512-Z2Q9uIqlGaRuOsaQFG6ygPSKFerBu2dfr77xPBZcByuNrqaP4s6hQB3rf7jxCG8emCmxlqTOD0TTymqBvKbyeA==",
      "requires": {
        "angular": "1.6.10"
      }
    },
    "angular": {
      "version": "1.6.10",
      "resolved": "https://registry.npmjs.org/angular/-/angular-1.6.10.tgz",
      "integrity": "sha512-PCZ5/hVdvPQiYyH0VwsPjrErPHRcITnaXxhksceOXgtJeesKHLA7KDu4X/yvcAi+1zdGgGF+9pDxkJvghXI9Wg=="
    },
    "angular-animate": {
      "version": "1.6.10",
      "resolved": "https://registry.npmjs.org/angular-animate/-/angular-animate-1.6.10.tgz",
      "integrity": "sha512-RU9ZJbTspq0W0x675H5k1DeSgKbAFfp2aiYoNGdlD+wQNKvwwMR5ho+EkDKkx9zE02a5goe8Z6EhhYPQSff9dA=="
    },
    "angular-growl-notifications": {
      "version": "2.6.0",
      "resolved": "https://registry.npmjs.org/angular-growl-notifications/-/angular-growl-notifications-2.6.0.tgz",
      "integrity": "sha1-ITva9c4iZgKISLFGuJpjC237qZ0=",
      "requires": {
        "angular": "1.6.10"
      }
    },
    "angular-sanitize": {
      "version": "1.6.10",
      "resolved": "https://registry.npmjs.org/angular-sanitize/-/angular-sanitize-1.6.10.tgz",
      "integrity": "sha512-01i1Xoq9ykUrsoYQMSB6dWZmPp9Df5hfCqMAGGzJBWZ7L2WY0OtUphdI0YvR8ZF9lAsWtGNtsEFilObjq5nTgQ=="
    },
    "bootstrap": {
      "version": "3.3.7",
      "resolved": "https://registry.npmjs.org/bootstrap/-/bootstrap-3.3.7.tgz",
      "integrity": "sha1-WjiTlFSfIzMIdaOxUGVldPip63E="
    },
    "codemirror": {
      "version": "5.39.0",
      "resolved": "https://registry.npmjs.org/codemirror/-/codemirror-5.39.0.tgz",
      "integrity": "sha512-vpJRray/0ZCt9FiS7UcVr1JAm6OBdUt6TA/94Q7MScr8TnutVdQWh/WPr0migzaBPQmYvY7I9UZNvbsaLESIuQ=="
    },
    "font-awesome": {
      "version": "4.7.0",
      "resolved": "https://registry.npmjs.org/font-awesome/-/font-awesome-4.7.0.tgz",
      "integrity": "sha1-j6jPBBGhoxr9B7BtKQK7n8gVoTM="
    },
    "highlightjs": {
      "version": "9.10.0",
      "resolved": "https://registry.npmjs.org/highlightjs/-/highlightjs-9.10.0.tgz",
      "integrity": "sha1-/Km3jdqjsavKidbD7hBa0nCoAZA="
    },
    "jquery": {
      "version": "3.3.1",
      "resolved": "https://registry.npmjs.org/jquery/-/jquery-3.3.1.tgz",
      "integrity": "sha512-Ubldcmxp5np52/ENotGxlLe6aGMvmF4R8S6tZjsP6Knsaxd/xp3Zrh50cG93lR6nPXyUFwzN3ZSOQI0wRJNdGg=="
    },
    "marked": {
      "version": "0.4.0",
      "resolved": "https://registry.npmjs.org/marked/-/marked-0.4.0.tgz",
      "integrity": "sha512-tMsdNBgOsrUophCAFQl0XPe6Zqk/uy9gnue+jIIKhykO51hxyu6uNx7zBPy0+y/WKYVZZMspV9YeXLNdKk+iYw=="
    }
  }
}
