# THIS IS AN AUTOGENERATED FILE. DO NOT EDIT THIS FILE DIRECTLY.
# yarn lockfile v1


"@uirouter/angularjs@^1.0.23 ":
  version "1.0.23"
  resolved "https://registry.yarnpkg.com/@uirouter/angularjs/-/angularjs-1.0.23.tgz#aeec0f96b0c42187c5044ef244ba6ccb75a5d835"
  integrity sha512-r4hLSw7R3mwXGC5Sq7yxNlBK1sSzQUm/1MzigwwYRHoMO5uKcBPUhxFYx5U7kufP2Xl1165KeZvRsLCh0/Z1ng==
  dependencies:
    "@uirouter/core" "6.0.1"

"@uirouter/core@6.0.1":
  version "6.0.1"
  resolved "https://registry.yarnpkg.com/@uirouter/core/-/core-6.0.1.tgz#93b02a5d178a7ab7313f34b7b3f019a000d23396"
  integrity sha512-mHCutiHtDDRKYmrJ92XPKDoSb2bgqaDyUpHdF4hUE+riwgkCvGdBjL8u+VDTcV3slBAk6B0LBIOIajjWkkObbQ==

angular-animate@^1.7.9:
  version "1.7.9"
  resolved "https://registry.yarnpkg.com/angular-animate/-/angular-animate-1.7.9.tgz#a397f82434c1e7ed5b7a298fa70fc3de989a6785"
  integrity sha512-fV+AISy/HTzurQH2ngsJg+lLIvfu0ahc1h4AYKauaXVw97rZc2k4iUA1bMstiEyClsdayQX568kjQc1NK+oYhw==

angular-growl-notifications@^2.6.0:
  version "2.6.0"
  resolved "https://registry.yarnpkg.com/angular-growl-notifications/-/angular-growl-notifications-2.6.0.tgz#213bdaf5ce2266028848b146b89a630b6dfba99d"
  integrity sha1-ITva9c4iZgKISLFGuJpjC237qZ0=
  dependencies:
    angular ">=1.2.22 <2"

angular-sanitize@^1.7.9:
  version "1.7.9"
  resolved "https://registry.yarnpkg.com/angular-sanitize/-/angular-sanitize-1.7.9.tgz#6b4d5e826abdabd352b13a7c65c8c74daf6a7b15"
  integrity sha512-nB/xe7JQWF9nLvhHommAICQ3eWrfRETo0EVGFESi952CDzDa+GAJ/2BFBNw44QqQPxj1Xua/uYKrbLsOGWZdbQ==

"angular@>=1.2.22 <2", angular@^1.7.9:
  version "1.7.9"
  resolved "https://registry.yarnpkg.com/angular/-/angular-1.7.9.tgz#e52616e8701c17724c3c238cfe4f9446fd570bc4"
  integrity sha512-5se7ZpcOtu0MBFlzGv5dsM1quQDoDeUTwZrWjGtTNA7O88cD8TEk5IEKCTDa3uECV9XnvKREVUr7du1ACiWGFQ==

bootstrap@^4.4.1:
  version "4.4.1"
  resolved "https://registry.yarnpkg.com/bootstrap/-/bootstrap-4.4.1.tgz#8582960eea0c5cd2bede84d8b0baf3789c3e8b01"
  integrity sha512-tbx5cHubwE6e2ZG7nqM3g/FZ5PQEDMWmMGNrCUBVRPHXTJaH7CBDdsLeu3eCh3B1tzAxTnAbtmrzvWEvT2NNEA==

clipboard@^2.0.0, clipboard@^2.0.4:
  version "2.0.4"
  resolved "https://registry.yarnpkg.com/clipboard/-/clipboard-2.0.4.tgz#836dafd66cf0fea5d71ce5d5b0bf6e958009112d"
  integrity sha512-Vw26VSLRpJfBofiVaFb/I8PVfdI1OxKcYShe6fm0sP/DtmiWQNCjhM/okTvdCo0G+lMMm1rMYbk4IK4x1X+kgQ==
  dependencies:
    good-listener "^1.2.2"
    select "^1.1.2"
    tiny-emitter "^2.0.0"

codemirror@^5.49.2:
  version "5.49.2"
  resolved "https://registry.yarnpkg.com/codemirror/-/codemirror-5.49.2.tgz#c84fdaf11b19803f828b0c67060c7bc6d154ccad"
  integrity sha512-dwJ2HRPHm8w51WB5YTF9J7m6Z5dtkqbU9ntMZ1dqXyFB9IpjoUFDj80ahRVEoVanfIp6pfASJbOlbWdEf8FOzQ==

delegate@^3.1.2:
  version "3.2.0"
  resolved "https://registry.yarnpkg.com/delegate/-/delegate-3.2.0.tgz#b66b71c3158522e8ab5744f720d8ca0c2af59166"
  integrity sha512-IofjkYBZaZivn0V8nnsMJGBr4jVLxHDheKSW88PyxS5QC4Vo9ZbZVvhzlSxY87fVq3STR6r+4cGepyHkcWOQSw==

dompurify@^2.0.7:
  version "2.0.7"
  resolved "https://registry.yarnpkg.com/dompurify/-/dompurify-2.0.7.tgz#f8266ad38fe1602fb5b3222f31eedbf5c16c4fd5"
  integrity sha512-S3O0lk6rFJtO01ZTzMollCOGg+WAtCwS3U5E2WSDY/x/sy7q70RjEC4Dmrih5/UqzLLB9XoKJ8KqwBxaNvBu4A==

font-awesome@^4.7.0:
  version "4.7.0"
  resolved "https://registry.yarnpkg.com/font-awesome/-/font-awesome-4.7.0.tgz#8fa8cf0411a1a31afd07b06d2902bb9fc815a133"
  integrity sha1-j6jPBBGhoxr9B7BtKQK7n8gVoTM=

good-listener@^1.2.2:
  version "1.2.2"
  resolved "https://registry.yarnpkg.com/good-listener/-/good-listener-1.2.2.tgz#d53b30cdf9313dffb7dc9a0d477096aa6d145c50"
  integrity sha1-1TswzfkxPf+33JoNR3CWqm0UXFA=
  dependencies:
    delegate "^3.1.2"

highlightjs@^9.16.2:
  version "9.16.2"
  resolved "https://registry.yarnpkg.com/highlightjs/-/highlightjs-9.16.2.tgz#07ea6cc7c93340fc440734fb7abf28558f1f0fe1"
  integrity sha512-FK1vmMj8BbEipEy8DLIvp71t5UsC7n2D6En/UfM/91PCwmOpj6f2iu0Y0coRC62KSRHHC+dquM2xMULV/X7NFg==

jquery@^3.4.1:
  version "3.4.1"
  resolved "https://registry.yarnpkg.com/jquery/-/jquery-3.4.1.tgz#714f1f8d9dde4bdfa55764ba37ef214630d80ef2"
  integrity sha512-36+AdBzCL+y6qjw5Tx7HgzeGCzC81MDDgaUP8ld2zhx58HdqXGoBd+tHdrBMiyjGQs0Hxs/MLZTu/eHNJJuWPw==

marked@^0.7.0:
  version "0.7.0"
  resolved "https://registry.yarnpkg.com/marked/-/marked-0.7.0.tgz#b64201f051d271b1edc10a04d1ae9b74bb8e5c0e"
  integrity sha512-c+yYdCZJQrsRjTPhUx7VKkApw9bwDkNbHUKo1ovgcfDjb2kc8rLuRbIFyXL5WOEUwzSSKo3IXpph2K6DqB/KZg==

ng-tags-input@^3.2.0:
  version "3.2.0"
  resolved "https://registry.yarnpkg.com/ng-tags-input/-/ng-tags-input-3.2.0.tgz#91282de575130c8ab794797febf0972b0f3bba3e"
  integrity sha1-kSgt5XUTDIq3lHl/6/CXKw87uj4=

ngclipboard@^2.0.0:
  version "2.0.0"
  resolved "https://registry.yarnpkg.com/ngclipboard/-/ngclipboard-2.0.0.tgz#406f6c34d21d78c13faafa7f7df2ae4acd50e75a"
  integrity sha1-QG9sNNIdeME/qvp/ffKuSs1Q51o=
  dependencies:
    clipboard "^2.0.0"

popper.js@^1.16:
  version "1.16.0"
  resolved "https://registry.yarnpkg.com/popper.js/-/popper.js-1.16.0.tgz#2e1816bcbbaa518ea6c2e15a466f4cb9c6e2fbb3"
  integrity sha512-+G+EkOPoE5S/zChTpmBSSDYmhXJ5PsW8eMhH8cP/CQHMFPBG/kC9Y5IIw6qNYgdJ+/COf0ddY2li28iHaZRSjw==

select@^1.1.2:
  version "1.1.2"
  resolved "https://registry.yarnpkg.com/select/-/select-1.1.2.tgz#0e7350acdec80b1108528786ec1d4418d11b396d"
  integrity sha1-DnNQrN7ICxEIUoeG7B1EGNEbOW0=

tiny-emitter@^2.0.0:
  version "2.1.0"
  resolved "https://registry.yarnpkg.com/tiny-emitter/-/tiny-emitter-2.1.0.tgz#1d1a56edfc51c43e863cbb5382a72330e3555423"
  integrity sha512-NB6Dk1A9xgQPMoGqC5CVXn123gWyte215ONT5Pp5a0yt4nlEoO1ZWeCwpncaekPHXO60i47ihFnZPiRPjRMq4Q==
