# THIS IS AN AUTOGENERATED FILE. DO NOT EDIT THIS FILE DIRECTLY.
# yarn lockfile v1


"@uirouter/angularjs@^1.0.22":
  version "1.0.22"
  resolved "https://registry.yarnpkg.com/@uirouter/angularjs/-/angularjs-1.0.22.tgz#581ab38794a2d7c2790851087072c4066b2b6c46"
  integrity sha512-d0SvdbXAav+Z6gCJd7gmn2eXEUtO3RvYcSLwtPaE8+7QiWHpSKNfGdD4D3noXhO2yUTz/AwaxsiRFMCwgVI0UQ==
  dependencies:
    "@uirouter/core" "5.0.23"

"@uirouter/core@5.0.23":
  version "5.0.23"
  resolved "https://registry.yarnpkg.com/@uirouter/core/-/core-5.0.23.tgz#363b4bea635a1b48900dc7e65793a65a3b58a79e"
  integrity sha512-rwFOH++z/KY8y+h0IOpQ5uC8Nim6E0EBCQrIjhVCr+XKYXgpK+VdtuOLFdogvbJ3AAi5Z7ei00qdEr7Did5CAg==

angular-animate@^1.7.8:
  version "1.7.8"
  resolved "https://registry.yarnpkg.com/angular-animate/-/angular-animate-1.7.8.tgz#c95f237efe7ecfe0e6003adb5e2c7ef0e5a2b9d4"
  integrity sha512-bINtzizq7TbJzfVrDpwLfTxVl0Qd7fRNWFb5jKYI1vaFZobQNX/QONXlLow6ySsDbZ6eLECycB7mvWtfh1YYaw==

angular-growl-notifications@^2.6.0:
  version "2.6.0"
  resolved "https://registry.yarnpkg.com/angular-growl-notifications/-/angular-growl-notifications-2.6.0.tgz#213bdaf5ce2266028848b146b89a630b6dfba99d"
  integrity sha1-ITva9c4iZgKISLFGuJpjC237qZ0=
  dependencies:
    angular ">=1.2.22 <2"

angular-sanitize@^1.7.8:
  version "1.7.8"
  resolved "https://registry.yarnpkg.com/angular-sanitize/-/angular-sanitize-1.7.8.tgz#87d59f754bb18d286dfd9d6ce867299c094c6719"
  integrity sha512-sVq51is1cVNiPytH4JIEd7iRW0OBIRQGNETWkz1c/jnLv2sBf9oDxEd8enwDz/W2ULBIpqJPK/3AsIxmZyh9pA==

"angular@>=1.2.22 <2", angular@^1.7.8:
  version "1.7.8"
  resolved "https://registry.yarnpkg.com/angular/-/angular-1.7.8.tgz#b77ede272ce1b261e3be30c1451a0b346905a3c9"
  integrity sha512-wtef/y4COxM7ZVhddd7JtAAhyYObq9YXKar9tsW7558BImeVYteJiTxCKeJOL45lJ/+7B4wrAC49j8gTFYEthg==

bootstrap@^4.3.1:
  version "4.3.1"
  resolved "https://registry.yarnpkg.com/bootstrap/-/bootstrap-4.3.1.tgz#280ca8f610504d99d7b6b4bfc4b68cec601704ac"
  integrity sha512-rXqOmH1VilAt2DyPzluTi2blhk17bO7ef+zLLPlWvG494pDxcM234pJ8wTc/6R40UWizAIIMgxjvxZg5kmsbag==

clipboard@^2.0.0, clipboard@^2.0.4:
  version "2.0.4"
  resolved "https://registry.yarnpkg.com/clipboard/-/clipboard-2.0.4.tgz#836dafd66cf0fea5d71ce5d5b0bf6e958009112d"
  integrity sha512-Vw26VSLRpJfBofiVaFb/I8PVfdI1OxKcYShe6fm0sP/DtmiWQNCjhM/okTvdCo0G+lMMm1rMYbk4IK4x1X+kgQ==
  dependencies:
    good-listener "^1.2.2"
    select "^1.1.2"
    tiny-emitter "^2.0.0"

codemirror@^5.48.0:
  version "5.48.0"
  resolved "https://registry.yarnpkg.com/codemirror/-/codemirror-5.48.0.tgz#66e6dae6ca79b955e34b322881ebb7b5512f3cc5"
  integrity sha512-3Ter+tYtRlTNtxtYdYNPxGxBL/b3cMcvPdPm70gvmcOO2Rauv/fUEewWa0tT596Hosv6ea2mtpx28OXBy1mQCg==

delegate@^3.1.2:
  version "3.2.0"
  resolved "https://registry.yarnpkg.com/delegate/-/delegate-3.2.0.tgz#b66b71c3158522e8ab5744f720d8ca0c2af59166"
  integrity sha512-IofjkYBZaZivn0V8nnsMJGBr4jVLxHDheKSW88PyxS5QC4Vo9ZbZVvhzlSxY87fVq3STR6r+4cGepyHkcWOQSw==

font-awesome@^4.7.0:
  version "4.7.0"
  resolved "https://registry.yarnpkg.com/font-awesome/-/font-awesome-4.7.0.tgz#8fa8cf0411a1a31afd07b06d2902bb9fc815a133"
  integrity sha1-j6jPBBGhoxr9B7BtKQK7n8gVoTM=

good-listener@^1.2.2:
  version "1.2.2"
  resolved "https://registry.yarnpkg.com/good-listener/-/good-listener-1.2.2.tgz#d53b30cdf9313dffb7dc9a0d477096aa6d145c50"
  integrity sha1-1TswzfkxPf+33JoNR3CWqm0UXFA=
  dependencies:
    delegate "^3.1.2"

highlightjs@^9.12.0:
  version "9.12.0"
  resolved "https://registry.yarnpkg.com/highlightjs/-/highlightjs-9.12.0.tgz#9b84eb42a7aa8488eb69ac79fec44cf495bf72a1"
  integrity sha512-eAhWMtDZaOZIQdxIP4UEB1vNp/CVXQPdMSihTSuaExhFIRC0BVpXbtP3mTP1hDoGOyh7nbB3cuC3sOPhG5wGDA==

jquery@^3.4.1:
  version "3.4.1"
  resolved "https://registry.yarnpkg.com/jquery/-/jquery-3.4.1.tgz#714f1f8d9dde4bdfa55764ba37ef214630d80ef2"
  integrity sha512-36+AdBzCL+y6qjw5Tx7HgzeGCzC81MDDgaUP8ld2zhx58HdqXGoBd+tHdrBMiyjGQs0Hxs/MLZTu/eHNJJuWPw==

marked@^0.6.1:
  version "0.6.2"
  resolved "https://registry.yarnpkg.com/marked/-/marked-0.6.2.tgz#c574be8b545a8b48641456ca1dbe0e37b6dccc1a"
  integrity sha512-LqxwVH3P/rqKX4EKGz7+c2G9r98WeM/SW34ybhgNGhUQNKtf1GmmSkJ6cDGJ/t6tiyae49qRkpyTw2B9HOrgUA==

ng-tags-input@^3.2.0:
  version "3.2.0"
  resolved "https://registry.yarnpkg.com/ng-tags-input/-/ng-tags-input-3.2.0.tgz#91282de575130c8ab794797febf0972b0f3bba3e"
  integrity sha1-kSgt5XUTDIq3lHl/6/CXKw87uj4=

ngclipboard@^2.0.0:
  version "2.0.0"
  resolved "https://registry.yarnpkg.com/ngclipboard/-/ngclipboard-2.0.0.tgz#406f6c34d21d78c13faafa7f7df2ae4acd50e75a"
  integrity sha1-QG9sNNIdeME/qvp/ffKuSs1Q51o=
  dependencies:
    clipboard "^2.0.0"

popper.js@^1.15:
  version "1.15.0"
  resolved "https://registry.yarnpkg.com/popper.js/-/popper.js-1.15.0.tgz#5560b99bbad7647e9faa475c6b8056621f5a4ff2"
  integrity sha512-w010cY1oCUmI+9KwwlWki+r5jxKfTFDVoadl7MSrIujHU5MJ5OR6HTDj6Xo8aoR/QsA56x8jKjA59qGH4ELtrA==

select@^1.1.2:
  version "1.1.2"
  resolved "https://registry.yarnpkg.com/select/-/select-1.1.2.tgz#0e7350acdec80b1108528786ec1d4418d11b396d"
  integrity sha1-DnNQrN7ICxEIUoeG7B1EGNEbOW0=

tiny-emitter@^2.0.0:
  version "2.1.0"
  resolved "https://registry.yarnpkg.com/tiny-emitter/-/tiny-emitter-2.1.0.tgz#1d1a56edfc51c43e863cbb5382a72330e3555423"
  integrity sha512-NB6Dk1A9xgQPMoGqC5CVXn123gWyte215ONT5Pp5a0yt4nlEoO1ZWeCwpncaekPHXO60i47ihFnZPiRPjRMq4Q==
