# THIS IS AN AUTOGENERATED FILE. DO NOT EDIT THIS FILE DIRECTLY.
# yarn lockfile v1


"@uirouter/angularjs@~1.0.20":
  version "1.0.20"
  resolved "https://registry.yarnpkg.com/@uirouter/angularjs/-/angularjs-1.0.20.tgz#bd330544cb2f1c35987f610d8fc353071786c04e"
  integrity sha512-fY6bsesTL/tg8gyFHXaIjD1r5b7Ac+SYupodO9OzT4/gKI0YC+uGzLpQESAiXlT3fsxdEPVBzdtAbzXDwCKdEA==
  dependencies:
    "@uirouter/core" "5.0.21"

"@uirouter/core@5.0.21":
  version "5.0.21"
  resolved "https://registry.yarnpkg.com/@uirouter/core/-/core-5.0.21.tgz#b6c4c311e9416a1e8ce76b072e042a60224d1b3a"
  integrity sha512-QWHc0wT00qtYNkT0BXZaFNLLHZyux0qJjF8c2WklW5/Q0Z866NoJjJErEMWjQb/AR+olkR2NlfEEi8KTQU2OpA==

angular-animate@~1.7.5:
  version "1.7.5"
  resolved "https://registry.yarnpkg.com/angular-animate/-/angular-animate-1.7.5.tgz#1ffc6c2a9cdee227a2ba79cc6cd8f71ec44db5dc"
  integrity sha512-kU/fHIGf2a4a3bH7E1tzALTHk+QfoUSCK9fEcMFisd6ZWvNDwPzXWAilItqOC3EDiAXPmGHaNc9/aXiD9xrAxQ==

angular-chips@^1.0.11:
  version "1.0.11"
  resolved "https://registry.yarnpkg.com/angular-chips/-/angular-chips-1.0.11.tgz#d3e205a3b75971151322719679a3c8ae5073f87a"
  integrity sha1-0+IFo7dZcRUTInGWeaPIrlBz+Ho=

angular-growl-notifications@^2.6.0:
  version "2.6.0"
  resolved "https://registry.yarnpkg.com/angular-growl-notifications/-/angular-growl-notifications-2.6.0.tgz#213bdaf5ce2266028848b146b89a630b6dfba99d"
  integrity sha1-ITva9c4iZgKISLFGuJpjC237qZ0=
  dependencies:
    angular ">=1.2.22 <2"

angular-sanitize@~1.7.5:
  version "1.7.5"
  resolved "https://registry.yarnpkg.com/angular-sanitize/-/angular-sanitize-1.7.5.tgz#75d49e15071ca9c70581e76d20940f26372e24d2"
  integrity sha512-wjKCJOIwrkEvfD0keTnKGi6We13gtoCAQIHcdoqyoo3gwvcgNfYymVQIS3+iCGVcjfWz0jHuS3KgB4ysRWsTTA==

"angular@>=1.2.22 <2", angular@~1.7.5:
  version "1.7.5"
  resolved "https://registry.yarnpkg.com/angular/-/angular-1.7.5.tgz#d1c1c01c6f5dc835638f3f9aa51012857bdac49e"
  integrity sha512-760183yxtGzni740IBTieNuWLtPNAoMqvmC0Z62UoU0I3nqk+VJuO3JbQAXOyvo3Oy/ZsdNQwrSTh/B0OQZjNw==

bootstrap@^4.*:
  version "4.2.1"
  resolved "https://registry.yarnpkg.com/bootstrap/-/bootstrap-4.2.1.tgz#8f8bdca024dbf0e8644da32e918c8a03a90a5757"
  integrity sha512-tt/7vIv3Gm2mnd/WeDx36nfGGHleil0Wg8IeB7eMrVkY0fZ5iTaBisSh8oNANc2IBsCc6vCgCNTIM/IEN0+50Q==

codemirror@^5.42.0:
  version "5.42.2"
  resolved "https://registry.yarnpkg.com/codemirror/-/codemirror-5.42.2.tgz#801ab715a7a7e1c7ed4162b78e9d8138b98de8f0"
  integrity sha512-Tkv6im39VuhduFMsDA3MlXcC/kKas3Z0PI1/8N88QvFQbtOeiiwnfFJE4juGyC8/a4sb1BSxQlzsil8XLQdxRw==

font-awesome@^4.7.0:
  version "4.7.0"
  resolved "https://registry.yarnpkg.com/font-awesome/-/font-awesome-4.7.0.tgz#8fa8cf0411a1a31afd07b06d2902bb9fc815a133"
  integrity sha1-j6jPBBGhoxr9B7BtKQK7n8gVoTM=

highlightjs@^9.12.0:
  version "9.12.0"
  resolved "https://registry.yarnpkg.com/highlightjs/-/highlightjs-9.12.0.tgz#9b84eb42a7aa8488eb69ac79fec44cf495bf72a1"
  integrity sha512-eAhWMtDZaOZIQdxIP4UEB1vNp/CVXQPdMSihTSuaExhFIRC0BVpXbtP3mTP1hDoGOyh7nbB3cuC3sOPhG5wGDA==

jquery@^3.3.1:
  version "3.3.1"
  resolved "https://registry.yarnpkg.com/jquery/-/jquery-3.3.1.tgz#958ce29e81c9790f31be7792df5d4d95fc57fbca"
  integrity sha512-Ubldcmxp5np52/ENotGxlLe6aGMvmF4R8S6tZjsP6Knsaxd/xp3Zrh50cG93lR6nPXyUFwzN3ZSOQI0wRJNdGg==

marked@^0.5.2:
  version "0.5.2"
  resolved "https://registry.yarnpkg.com/marked/-/marked-0.5.2.tgz#3efdb27b1fd0ecec4f5aba362bddcd18120e5ba9"
  integrity sha512-fdZvBa7/vSQIZCi4uuwo2N3q+7jJURpMVCcbaX0S1Mg65WZ5ilXvC67MviJAsdjqqgD+CEq4RKo5AYGgINkVAA==

popper.js@^1.14.6:
  version "1.14.6"
  resolved "https://registry.yarnpkg.com/popper.js/-/popper.js-1.14.6.tgz#ab20dd4edf9288b8b3b6531c47c361107b60b4b0"
  integrity sha512-AGwHGQBKumlk/MDfrSOf0JHhJCImdDMcGNoqKmKkU+68GFazv3CQ6q9r7Ja1sKDZmYWTckY/uLyEznheTDycnA==
