# THIS IS AN AUTOGENERATED FILE. DO NOT EDIT THIS FILE DIRECTLY.
# yarn lockfile v1


"@uirouter/angularjs@^1.0.24":
  version "1.0.24"
  resolved "https://registry.yarnpkg.com/@uirouter/angularjs/-/angularjs-1.0.24.tgz#e8ac7c8b53f68481a070fbed87e9f7768d344942"
  integrity sha512-Q+gR5eskbOwK5DlzSOOXx3MGWbKq5xQrcF0T4csHXOHUBuGO26n6QTPFYsPwg0AfpC5yNou3jrDonI+UR8wDEg==
  dependencies:
    "@uirouter/core" "6.0.3"

"@uirouter/core@6.0.3":
  version "6.0.3"
  resolved "https://registry.yarnpkg.com/@uirouter/core/-/core-6.0.3.tgz#1de7a3451039e1274e7f595de2be92421c26b09c"
  integrity sha512-ftAQw9czKUSgLFC3LwOeJP97PDQ6naHcEK0NrbWw3X/r49oQJBMRFAsz9oEKqPFPD2vUDqkvG18BZXglLp8k+Q==

angular-animate@^1.7.9:
  version "1.7.9"
  resolved "https://registry.yarnpkg.com/angular-animate/-/angular-animate-1.7.9.tgz#a397f82434c1e7ed5b7a298fa70fc3de989a6785"
  integrity sha512-fV+AISy/HTzurQH2ngsJg+lLIvfu0ahc1h4AYKauaXVw97rZc2k4iUA1bMstiEyClsdayQX568kjQc1NK+oYhw==

angular-growl-notifications@^2.6.0:
  version "2.6.0"
  resolved "https://registry.yarnpkg.com/angular-growl-notifications/-/angular-growl-notifications-2.6.0.tgz#213bdaf5ce2266028848b146b89a630b6dfba99d"
  integrity sha1-ITva9c4iZgKISLFGuJpjC237qZ0=
  dependencies:
    angular ">=1.2.22 <2"

angular-sanitize@^1.7.9:
  version "1.7.9"
  resolved "https://registry.yarnpkg.com/angular-sanitize/-/angular-sanitize-1.7.9.tgz#6b4d5e826abdabd352b13a7c65c8c74daf6a7b15"
  integrity sha512-nB/xe7JQWF9nLvhHommAICQ3eWrfRETo0EVGFESi952CDzDa+GAJ/2BFBNw44QqQPxj1Xua/uYKrbLsOGWZdbQ==

"angular@>=1.2.22 <2", angular@^1.7.9:
  version "1.7.9"
  resolved "https://registry.yarnpkg.com/angular/-/angular-1.7.9.tgz#e52616e8701c17724c3c238cfe4f9446fd570bc4"
  integrity sha512-5se7ZpcOtu0MBFlzGv5dsM1quQDoDeUTwZrWjGtTNA7O88cD8TEk5IEKCTDa3uECV9XnvKREVUr7du1ACiWGFQ==

bootstrap@^4.4.1:
  version "4.4.1"
  resolved "https://registry.yarnpkg.com/bootstrap/-/bootstrap-4.4.1.tgz#8582960eea0c5cd2bede84d8b0baf3789c3e8b01"
  integrity sha512-tbx5cHubwE6e2ZG7nqM3g/FZ5PQEDMWmMGNrCUBVRPHXTJaH7CBDdsLeu3eCh3B1tzAxTnAbtmrzvWEvT2NNEA==

clipboard@^2.0.0, clipboard@^2.0.4:
  version "2.0.4"
  resolved "https://registry.yarnpkg.com/clipboard/-/clipboard-2.0.4.tgz#836dafd66cf0fea5d71ce5d5b0bf6e958009112d"
  integrity sha512-Vw26VSLRpJfBofiVaFb/I8PVfdI1OxKcYShe6fm0sP/DtmiWQNCjhM/okTvdCo0G+lMMm1rMYbk4IK4x1X+kgQ==
  dependencies:
    good-listener "^1.2.2"
    select "^1.1.2"
    tiny-emitter "^2.0.0"

codemirror@^5.51.0:
  version "5.51.0"
  resolved "https://registry.yarnpkg.com/codemirror/-/codemirror-5.51.0.tgz#7746caaf5223e68f5c55ea11e2f3cc82a9a3929e"
  integrity sha512-vyuYYRv3eXL0SCuZA4spRFlKNzQAewHcipRQCOKgRy7VNAvZxTKzbItdbCl4S5AgPZ5g3WkHp+ibWQwv9TLG7Q==

delegate@^3.1.2:
  version "3.2.0"
  resolved "https://registry.yarnpkg.com/delegate/-/delegate-3.2.0.tgz#b66b71c3158522e8ab5744f720d8ca0c2af59166"
  integrity sha512-IofjkYBZaZivn0V8nnsMJGBr4jVLxHDheKSW88PyxS5QC4Vo9ZbZVvhzlSxY87fVq3STR6r+4cGepyHkcWOQSw==

dompurify@^2.0.17:
  version "2.0.17"
  resolved "https://registry.yarnpkg.com/dompurify/-/dompurify-2.0.17.tgz#505ffa126a580603df4007e034bdc9b6b738668e"
  integrity sha512-nNwwJfW55r8akD8MSFz6k75bzyT2y6JEa1O3JrZFBf+Y5R9JXXU4OsRl0B9hKoPgHTw2b7ER5yJ5Md97MMUJPg==

font-awesome@^4.7.0:
  version "4.7.0"
  resolved "https://registry.yarnpkg.com/font-awesome/-/font-awesome-4.7.0.tgz#8fa8cf0411a1a31afd07b06d2902bb9fc815a133"
  integrity sha1-j6jPBBGhoxr9B7BtKQK7n8gVoTM=

good-listener@^1.2.2:
  version "1.2.2"
  resolved "https://registry.yarnpkg.com/good-listener/-/good-listener-1.2.2.tgz#d53b30cdf9313dffb7dc9a0d477096aa6d145c50"
  integrity sha1-1TswzfkxPf+33JoNR3CWqm0UXFA=
  dependencies:
    delegate "^3.1.2"

highlightjs@^9.16.2:
  version "9.16.2"
  resolved "https://registry.yarnpkg.com/highlightjs/-/highlightjs-9.16.2.tgz#07ea6cc7c93340fc440734fb7abf28558f1f0fe1"
  integrity sha512-FK1vmMj8BbEipEy8DLIvp71t5UsC7n2D6En/UfM/91PCwmOpj6f2iu0Y0coRC62KSRHHC+dquM2xMULV/X7NFg==

jquery@^3.4.1:
  version "3.4.1"
  resolved "https://registry.yarnpkg.com/jquery/-/jquery-3.4.1.tgz#714f1f8d9dde4bdfa55764ba37ef214630d80ef2"
  integrity sha512-36+AdBzCL+y6qjw5Tx7HgzeGCzC81MDDgaUP8ld2zhx58HdqXGoBd+tHdrBMiyjGQs0Hxs/MLZTu/eHNJJuWPw==

marked@^0.8.0:
  version "0.8.0"
  resolved "https://registry.yarnpkg.com/marked/-/marked-0.8.0.tgz#ec5c0c9b93878dc52dd54be8d0e524097bd81a99"
  integrity sha512-MyUe+T/Pw4TZufHkzAfDj6HarCBWia2y27/bhuYkTaiUnfDYFnCP3KUN+9oM7Wi6JA2rymtVYbQu3spE0GCmxQ==

ng-tags-input@^3.2.0:
  version "3.2.0"
  resolved "https://registry.yarnpkg.com/ng-tags-input/-/ng-tags-input-3.2.0.tgz#91282de575130c8ab794797febf0972b0f3bba3e"
  integrity sha1-kSgt5XUTDIq3lHl/6/CXKw87uj4=

ngclipboard@^2.0.0:
  version "2.0.0"
  resolved "https://registry.yarnpkg.com/ngclipboard/-/ngclipboard-2.0.0.tgz#406f6c34d21d78c13faafa7f7df2ae4acd50e75a"
  integrity sha1-QG9sNNIdeME/qvp/ffKuSs1Q51o=
  dependencies:
    clipboard "^2.0.0"

popper.js@^1.16.1:
  version "1.16.1"
  resolved "https://registry.yarnpkg.com/popper.js/-/popper.js-1.16.1.tgz#2a223cb3dc7b6213d740e40372be40de43e65b1b"
  integrity sha512-Wb4p1J4zyFTbM+u6WuO4XstYx4Ky9Cewe4DWrel7B0w6VVICvPwdOpotjzcf6eD8TsckVnIMNONQyPIUFOUbCQ==

select@^1.1.2:
  version "1.1.2"
  resolved "https://registry.yarnpkg.com/select/-/select-1.1.2.tgz#0e7350acdec80b1108528786ec1d4418d11b396d"
  integrity sha1-DnNQrN7ICxEIUoeG7B1EGNEbOW0=

tiny-emitter@^2.0.0:
  version "2.1.0"
  resolved "https://registry.yarnpkg.com/tiny-emitter/-/tiny-emitter-2.1.0.tgz#1d1a56edfc51c43e863cbb5382a72330e3555423"
  integrity sha512-NB6Dk1A9xgQPMoGqC5CVXn123gWyte215ONT5Pp5a0yt4nlEoO1ZWeCwpncaekPHXO60i47ihFnZPiRPjRMq4Q==
